
Microsoft Visual Studio Solution File, Format Version 12.00
# Visual Studio Version 17
VisualStudioVersion = 17.7.34202.233
MinimumVisualStudioVersion = 10.0.40219.1
Project("{FAE04EC0-301F-11D3-BF4B-00C04F79EFBC}") = "Trabajo 2", "Trabajo 2.csproj", "{50D6BDA1-91EB-4204-BB70-303B07E7AF8C}"
EndProject
Global
	GlobalSection(SolutionConfigurationPlatforms) = preSolution
		Debug|Any CPU = Debug|Any CPU
		Release|Any CPU = Release|Any CPU
	EndGlobalSection
	GlobalSection(ProjectConfigurationPlatforms) = postSolution
		{50D6BDA1-91EB-4204-BB70-303B07E7AF8C}.Debug|Any CPU.ActiveCfg = Debug|Any CPU
		{50D6BDA1-91EB-4204-BB70-303B07E7AF8C}.Debug|Any CPU.Build.0 = Debug|Any CPU
		{50D6BDA1-91EB-4204-BB70-303B07E7AF8C}.Release|Any CPU.ActiveCfg = Release|Any CPU
		{50D6BDA1-91EB-4204-BB70-303B07E7AF8C}.Release|Any CPU.Build.0 = Release|Any CPU
	EndGlobalSection
	GlobalSection(SolutionProperties) = preSolution
		HideSolutionNode = FALSE
	EndGlobalSection
	GlobalSection(ExtensibilityGlobals) = postSolution
		SolutionGuid = {36C6CCEA-68B2-472C-AC85-9C1A661F7E0A}
	EndGlobalSection
EndGlobal
